// !$*UTF8*$!
{
	archiveVersion = 1;
	classes = {
	};
	objectVersion = 56;
	objects = {

/* Begin PBXBuildFile section */
		817F7C1C2B5B99AB009BCC97 /* Student.swift in Sources */ = {isa = PBXBuildFile; fileRef = 817F7C1B2B5B99AB009BCC97 /* Student.swift */; };
		81DAE0462B5125E000D75B9D /* AppDelegate.swift in Sources */ = {isa = PBXBuildFile; fileRef = 81DAE0452B5125E000D75B9D /* AppDelegate.swift */; };
		81DAE0482B5125E000D75B9D /* SceneDelegate.swift in Sources */ = {isa = PBXBuildFile; fileRef = 81DAE0472B5125E000D75B9D /* SceneDelegate.swift */; };
		81DAE04A2B5125E000D75B9D /* ViewController.swift in Sources */ = {isa = PBXBuildFile; fileRef = 81DAE0492B5125E000D75B9D /* ViewController.swift */; };
		81DAE04D2B5125E000D75B9D /* Main.storyboard in Resources */ = {isa = PBXBuildFile; fileRef = 81DAE04B2B5125E000D75B9D /* Main.storyboard */; };
		81DAE04F2B5125E100D75B9D /* Assets.xcassets in Resources */ = {isa = PBXBuildFile; fileRef = 81DAE04E2B5125E100D75B9D /* Assets.xcassets */; };
		81DAE0522B5125E100D75B9D /* LaunchScreen.storyboard in Resources */ = {isa = PBXBuildFile; fileRef = 81DAE0502B5125E100D75B9D /* LaunchScreen.storyboard */; };
		81DAE05A2B51289F00D75B9D /* LoginViewModel.swift in Sources */ = {isa = PBXBuildFile; fileRef = 81DAE0592B51289F00D75B9D /* LoginViewModel.swift */; };
		81DAE05C2B51291900D75B9D /* BindingTextField.swift in Sources */ = {isa = PBXBuildFile; fileRef = 81DAE05B2B51291900D75B9D /* BindingTextField.swift */; };
/* End PBXBuildFile section */

/* Begin PBXFileReference section */
		817F7C1B2B5B99AB009BCC97 /* Student.swift */ = {isa = PBXFileReference; lastKnownFileType = sourcecode.swift; path = Student.swift; sourceTree = "<group>"; };
		81DAE0422B5125E000D75B9D /* MVVM+R&D.app */ = {isa = PBXFileReference; explicitFileType = wrapper.application; includeInIndex = 0; path = "MVVM+R&D.app"; sourceTree = BUILT_PRODUCTS_DIR; };
		81DAE0452B5125E000D75B9D /* AppDelegate.swift */ = {isa = PBXFileReference; lastKnownFileType = sourcecode.swift; path = AppDelegate.swift; sourceTree = "<group>"; };
		81DAE0472B5125E000D75B9D /* SceneDelegate.swift */ = {isa = PBXFileReference; lastKnownFileType = sourcecode.swift; path = SceneDelegate.swift; sourceTree = "<group>"; };
		81DAE0492B5125E000D75B9D /* ViewController.swift */ = {isa = PBXFileReference; lastKnownFileType = sourcecode.swift; path = ViewController.swift; sourceTree = "<group>"; };
		81DAE04C2B5125E000D75B9D /* Base */ = {isa = PBXFileReference; lastKnownFileType = file.storyboard; name = Base; path = Base.lproj/Main.storyboard; sourceTree = "<group>"; };
		81DAE04E2B5125E100D75B9D /* Assets.xcassets */ = {isa = PBXFileReference; lastKnownFileType = folder.assetcatalog; path = Assets.xcassets; sourceTree = "<group>"; };
		81DAE0512B5125E100D75B9D /* Base */ = {isa = PBXFileReference; lastKnownFileType = file.storyboard; name = Base; path = Base.lproj/LaunchScreen.storyboard; sourceTree = "<group>"; };
		81DAE0532B5125E100D75B9D /* Info.plist */ = {isa = PBXFileReference; lastKnownFileType = text.plist.xml; path = Info.plist; sourceTree = "<group>"; };
		81DAE0592B51289F00D75B9D /* LoginViewModel.swift */ = {isa = PBXFileReference; lastKnownFileType = sourcecode.swift; path = LoginViewModel.swift; sourceTree = "<group>"; };
		81DAE05B2B51291900D75B9D /* BindingTextField.swift */ = {isa = PBXFileReference; lastKnownFileType = sourcecode.swift; path = BindingTextField.swift; sourceTree = "<group>"; };
/* End PBXFileReference section */

/* Begin PBXFrameworksBuildPhase section */
		81DAE03F2B5125E000D75B9D /* Frameworks */ = {
			isa = PBXFrameworksBuildPhase;
			buildActionMask = 2147483647;
			files = (
			);
			runOnlyForDeploymentPostprocessing = 0;
		};
/* End PBXFrameworksBuildPhase section */

/* Begin PBXGroup section */
		817F7C152B5B992D009BCC97 /* Application */ = {
			isa = PBXGroup;
			children = (
				81DAE0452B5125E000D75B9D /* AppDelegate.swift */,
				81DAE0472B5125E000D75B9D /* SceneDelegate.swift */,
			);
			path = Application;
			sourceTree = "<group>";
		};
		817F7C162B5B993B009BCC97 /* Controller */ = {
			isa = PBXGroup;
			children = (
				81DAE0492B5125E000D75B9D /* ViewController.swift */,
			);
			path = Controller;
			sourceTree = "<group>";
		};
		817F7C172B5B994E009BCC97 /* View */ = {
			isa = PBXGroup;
			children = (
				81DAE05B2B51291900D75B9D /* BindingTextField.swift */,
			);
			path = View;
			sourceTree = "<group>";
		};
		817F7C182B5B9956009BCC97 /* ViewModel */ = {
			isa = PBXGroup;
			children = (
				81DAE0592B51289F00D75B9D /* LoginViewModel.swift */,
			);
			path = ViewModel;
			sourceTree = "<group>";
		};
		817F7C192B5B9975009BCC97 /* Supporting Files */ = {
			isa = PBXGroup;
			children = (
				81DAE04B2B5125E000D75B9D /* Main.storyboard */,
				81DAE04E2B5125E100D75B9D /* Assets.xcassets */,
				81DAE0502B5125E100D75B9D /* LaunchScreen.storyboard */,
				81DAE0532B5125E100D75B9D /* Info.plist */,
			);
			path = "Supporting Files";
			sourceTree = "<group>";
		};
		817F7C1A2B5B998D009BCC97 /* Model */ = {
			isa = PBXGroup;
			children = (
				817F7C1B2B5B99AB009BCC97 /* Student.swift */,
			);
			path = Model;
			sourceTree = "<group>";
		};
		81DAE0392B5125E000D75B9D = {
			isa = PBXGroup;
			children = (
				81DAE0442B5125E000D75B9D /* MVVM+R&D */,
				81DAE0432B5125E000D75B9D /* Products */,
			);
			sourceTree = "<group>";
		};
		81DAE0432B5125E000D75B9D /* Products */ = {
			isa = PBXGroup;
			children = (
				81DAE0422B5125E000D75B9D /* MVVM+R&D.app */,
			);
			name = Products;
			sourceTree = "<group>";
		};
		81DAE0442B5125E000D75B9D /* MVVM+R&D */ = {
			isa = PBXGroup;
			children = (
				817F7C192B5B9975009BCC97 /* Supporting Files */,
				817F7C152B5B992D009BCC97 /* Application */,
				817F7C1A2B5B998D009BCC97 /* Model */,
				817F7C172B5B994E009BCC97 /* View */,
				817F7C182B5B9956009BCC97 /* ViewModel */,
				817F7C162B5B993B009BCC97 /* Controller */,
			);
			path = "MVVM+R&D";
			sourceTree = "<group>";
		};
/* End PBXGroup section */

/* Begin PBXNativeTarget section */
		81DAE0412B5125E000D75B9D /* MVVM+R&D */ = {
			isa = PBXNativeTarget;
			buildConfigurationList = 81DAE0562B5125E100D75B9D /* Build configuration list for PBXNativeTarget "MVVM+R&D" */;
			buildPhases = (
				81DAE03E2B5125E000D75B9D /* Sources */,
				81DAE03F2B5125E000D75B9D /* Frameworks */,
				81DAE0402B5125E000D75B9D /* Resources */,
			);
			buildRules = (
			);
			dependencies = (
			);
			name = "MVVM+R&D";
			productName = "MVVM+R&D";
			productReference = 81DAE0422B5125E000D75B9D /* MVVM+R&D.app */;
			productType = "com.apple.product-type.application";
		};
/* End PBXNativeTarget section */

/* Begin PBXProject section */
		81DAE03A2B5125E000D75B9D /* Project object */ = {
			isa = PBXProject;
			attributes = {
				BuildIndependentTargetsInParallel = 1;
				LastSwiftUpdateCheck = 1500;
				LastUpgradeCheck = 1500;
				TargetAttributes = {
					81DAE0412B5125E000D75B9D = {
						CreatedOnToolsVersion = 15.0.1;
					};
				};
			};
			buildConfigurationList = 81DAE03D2B5125E000D75B9D /* Build configuration list for PBXProject "MVVM+R&D" */;
			compatibilityVersion = "Xcode 14.0";
			developmentRegion = en;
			hasScannedForEncodings = 0;
			knownRegions = (
				en,
				Base,
			);
			mainGroup = 81DAE0392B5125E000D75B9D;
			productRefGroup = 81DAE0432B5125E000D75B9D /* Products */;
			projectDirPath = "";
			projectRoot = "";
			targets = (
				81DAE0412B5125E000D75B9D /* MVVM+R&D */,
			);
		};
/* End PBXProject section */

/* Begin PBXResourcesBuildPhase section */
		81DAE0402B5125E000D75B9D /* Resources */ = {
			isa = PBXResourcesBuildPhase;
			buildActionMask = 2147483647;
			files = (
				81DAE0522B5125E100D75B9D /* LaunchScreen.storyboard in Resources */,
				81DAE04F2B5125E100D75B9D /* Assets.xcassets in Resources */,
				81DAE04D2B5125E000D75B9D /* Main.storyboard in Resources */,
			);
			runOnlyForDeploymentPostprocessing = 0;
		};
/* End PBXResourcesBuildPhase section */

/* Begin PBXSourcesBuildPhase section */
		81DAE03E2B5125E000D75B9D /* Sources */ = {
			isa = PBXSourcesBuildPhase;
			buildActionMask = 2147483647;
			files = (
				81DAE05A2B51289F00D75B9D /* LoginViewModel.swift in Sources */,
				817F7C1C2B5B99AB009BCC97 /* Student.swift in Sources */,
				81DAE04A2B5125E000D75B9D /* ViewController.swift in Sources */,
				81DAE05C2B51291900D75B9D /* BindingTextField.swift in Sources */,
				81DAE0462B5125E000D75B9D /* AppDelegate.swift in Sources */,
				81DAE0482B5125E000D75B9D /* SceneDelegate.swift in Sources */,
			);
			runOnlyForDeploymentPostprocessing = 0;
		};
/* End PBXSourcesBuildPhase section */

/* Begin PBXVariantGroup section */
		81DAE04B2B5125E000D75B9D /* Main.storyboard */ = {
			isa = PBXVariantGroup;
			children = (
				81DAE04C2B5125E000D75B9D /* Base */,
			);
			name = Main.storyboard;
			sourceTree = "<group>";
		};
		81DAE0502B5125E100D75B9D /* LaunchScreen.storyboard */ = {
			isa = PBXVariantGroup;
			children = (
				81DAE0512B5125E100D75B9D /* Base */,
			);
			name = LaunchScreen.storyboard;
			sourceTree = "<group>";
		};
/* End PBXVariantGroup section */

/* Begin XCBuildConfiguration section */
		81DAE0542B5125E100D75B9D /* Debug */ = {
			isa = XCBuildConfiguration;
			buildSettings = {
				ALWAYS_SEARCH_USER_PATHS = NO;
				ASSETCATALOG_COMPILER_GENERATE_SWIFT_ASSET_SYMBOL_EXTENSIONS = YES;
				CLANG_ANALYZER_NONNULL = YES;
				CLANG_ANALYZER_NUMBER_OBJECT_CONVERSION = YES_AGGRESSIVE;
				CLANG_CXX_LANGUAGE_STANDARD = "gnu++20";
				CLANG_ENABLE_MODULES = YES;
				CLANG_ENABLE_OBJC_ARC = YES;
				CLANG_ENABLE_OBJC_WEAK = YES;
				CLANG_WARN_BLOCK_CAPTURE_AUTORELEASING = YES;
				CLANG_WARN_BOOL_CONVERSION = YES;
				CLANG_WARN_COMMA = YES;
				CLANG_WARN_CONSTANT_CONVERSION = YES;
				CLANG_WARN_DEPRECATED_OBJC_IMPLEMENTATIONS = YES;
				CLANG_WARN_DIRECT_OBJC_ISA_USAGE = YES_ERROR;
				CLANG_WARN_DOCUMENTATION_COMMENTS = YES;
				CLANG_WARN_EMPTY_BODY = YES;
				CLANG_WARN_ENUM_CONVERSION = YES;
				CLANG_WARN_INFINITE_RECURSION = YES;
				CLANG_WARN_INT_CONVERSION = YES;
				CLANG_WARN_NON_LITERAL_NULL_CONVERSION = YES;
				CLANG_WARN_OBJC_IMPLICIT_RETAIN_SELF = YES;
				CLANG_WARN_OBJC_LITERAL_CONVERSION = YES;
				CLANG_WARN_OBJC_ROOT_CLASS = YES_ERROR;
				CLANG_WARN_QUOTED_INCLUDE_IN_FRAMEWORK_HEADER = YES;
				CLANG_WARN_RANGE_LOOP_ANALYSIS = YES;
				CLANG_WARN_STRICT_PROTOTYPES = YES;
				CLANG_WARN_SUSPICIOUS_MOVE = YES;
				CLANG_WARN_UNGUARDED_AVAILABILITY = YES_AGGRESSIVE;
				CLANG_WARN_UNREACHABLE_CODE = YES;
				CLANG_WARN__DUPLICATE_METHOD_MATCH = YES;
				COPY_PHASE_STRIP = NO;
				DEBUG_INFORMATION_FORMAT = dwarf;
				ENABLE_STRICT_OBJC_MSGSEND = YES;
				ENABLE_TESTABILITY = YES;
				ENABLE_USER_SCRIPT_SANDBOXING = YES;
				GCC_C_LANGUAGE_STANDARD = gnu17;
				GCC_DYNAMIC_NO_PIC = NO;
				GCC_NO_COMMON_BLOCKS = YES;
				GCC_OPTIMIZATION_LEVEL = 0;
				GCC_PREPROCESSOR_DEFINITIONS = (
					"DEBUG=1",
					"$(inherited)",
				);
				GCC_WARN_64_TO_32_BIT_CONVERSION = YES;
				GCC_WARN_ABOUT_RETURN_TYPE = YES_ERROR;
				GCC_WARN_UNDECLARED_SELECTOR = YES;
				GCC_WARN_UNINITIALIZED_AUTOS = YES_AGGRESSIVE;
				GCC_WARN_UNUSED_FUNCTION = YES;
				GCC_WARN_UNUSED_VARIABLE = YES;
				IPHONEOS_DEPLOYMENT_TARGET = 17.0;
				LOCALIZATION_PREFERS_STRING_CATALOGS = YES;
				MTL_ENABLE_DEBUG_INFO = INCLUDE_SOURCE;
				MTL_FAST_MATH = YES;
				ONLY_ACTIVE_ARCH = YES;
				SDKROOT = iphoneos;
				SWIFT_ACTIVE_COMPILATION_CONDITIONS = "DEBUG $(inherited)";
				SWIFT_OPTIMIZATION_LEVEL = "-Onone";
			};
			name = Debug;
		};
		81DAE0552B5125E100D75B9D /* Release */ = {
			isa = XCBuildConfiguration;
			buildSettings = {
				ALWAYS_SEARCH_USER_PATHS = NO;
				ASSETCATALOG_COMPILER_GENERATE_SWIFT_ASSET_SYMBOL_EXTENSIONS = YES;
				CLANG_ANALYZER_NONNULL = YES;
				CLANG_ANALYZER_NUMBER_OBJECT_CONVERSION = YES_AGGRESSIVE;
				CLANG_CXX_LANGUAGE_STANDARD = "gnu++20";
				CLANG_ENABLE_MODULES = YES;
				CLANG_ENABLE_OBJC_ARC = YES;
				CLANG_ENABLE_OBJC_WEAK = YES;
				CLANG_WARN_BLOCK_CAPTURE_AUTORELEASING = YES;
				CLANG_WARN_BOOL_CONVERSION = YES;
				CLANG_WARN_COMMA = YES;
				CLANG_WARN_CONSTANT_CONVERSION = YES;
				CLANG_WARN_DEPRECATED_OBJC_IMPLEMENTATIONS = YES;
				CLANG_WARN_DIRECT_OBJC_ISA_USAGE = YES_ERROR;
				CLANG_WARN_DOCUMENTATION_COMMENTS = YES;
				CLANG_WARN_EMPTY_BODY = YES;
				CLANG_WARN_ENUM_CONVERSION = YES;
				CLANG_WARN_INFINITE_RECURSION = YES;
				CLANG_WARN_INT_CONVERSION = YES;
				CLANG_WARN_NON_LITERAL_NULL_CONVERSION = YES;
				CLANG_WARN_OBJC_IMPLICIT_RETAIN_SELF = YES;
				CLANG_WARN_OBJC_LITERAL_CONVERSION = YES;
				CLANG_WARN_OBJC_ROOT_CLASS = YES_ERROR;
				CLANG_WARN_QUOTED_INCLUDE_IN_FRAMEWORK_HEADER = YES;
				CLANG_WARN_RANGE_LOOP_ANALYSIS = YES;
				CLANG_WARN_STRICT_PROTOTYPES = YES;
				CLANG_WARN_SUSPICIOUS_MOVE = YES;
				CLANG_WARN_UNGUARDED_AVAILABILITY = YES_AGGRESSIVE;
				CLANG_WARN_UNREACHABLE_CODE = YES;
				CLANG_WARN__DUPLICATE_METHOD_MATCH = YES;
				COPY_PHASE_STRIP = NO;
				DEBUG_INFORMATION_FORMAT = "dwarf-with-dsym";
				ENABLE_NS_ASSERTIONS = NO;
				ENABLE_STRICT_OBJC_MSGSEND = YES;
				ENABLE_USER_SCRIPT_SANDBOXING = YES;
				GCC_C_LANGUAGE_STANDARD = gnu17;
				GCC_NO_COMMON_BLOCKS = YES;
				GCC_WARN_64_TO_32_BIT_CONVERSION = YES;
				GCC_WARN_ABOUT_RETURN_TYPE = YES_ERROR;
				GCC_WARN_UNDECLARED_SELECTOR = YES;
				GCC_WARN_UNINITIALIZED_AUTOS = YES_AGGRESSIVE;
				GCC_WARN_UNUSED_FUNCTION = YES;
				GCC_WARN_UNUSED_VARIABLE = YES;
				IPHONEOS_DEPLOYMENT_TARGET = 17.0;
				LOCALIZATION_PREFERS_STRING_CATALOGS = YES;
				MTL_ENABLE_DEBUG_INFO = NO;
				MTL_FAST_MATH = YES;
				SDKROOT = iphoneos;
				SWIFT_COMPILATION_MODE = wholemodule;
				VALIDATE_PRODUCT = YES;
			};
			name = Release;
		};
		81DAE0572B5125E100D75B9D /* Debug */ = {
			isa = XCBuildConfiguration;
			buildSettings = {
				ASSETCATALOG_COMPILER_APPICON_NAME = AppIcon;
				ASSETCATALOG_COMPILER_GLOBAL_ACCENT_COLOR_NAME = AccentColor;
				CODE_SIGN_STYLE = Automatic;
				CURRENT_PROJECT_VERSION = 1;
				DEVELOPMENT_TEAM = 4CJW76Y9FL;
				GENERATE_INFOPLIST_FILE = YES;
				INFOPLIST_FILE = "MVVM+R&D/Supporting Files/Info.plist";
				INFOPLIST_KEY_UIApplicationSupportsIndirectInputEvents = YES;
				INFOPLIST_KEY_UILaunchStoryboardName = LaunchScreen;
				INFOPLIST_KEY_UIMainStoryboardFile = Main;
				INFOPLIST_KEY_UISupportedInterfaceOrientations_iPad = "UIInterfaceOrientationPortrait UIInterfaceOrientationPortraitUpsideDown UIInterfaceOrientationLandscapeLeft UIInterfaceOrientationLandscapeRight";
				INFOPLIST_KEY_UISupportedInterfaceOrientations_iPhone = "UIInterfaceOrientationPortrait UIInterfaceOrientationLandscapeLeft UIInterfaceOrientationLandscapeRight";
				LD_RUNPATH_SEARCH_PATHS = (
					"$(inherited)",
					"@executable_path/Frameworks",
				);
				MARKETING_VERSION = 1.0;
				PRODUCT_BUNDLE_IDENTIFIER = "Sahil.Amrut.Agashe.com.MVVM-R-D";
				PRODUCT_NAME = "$(TARGET_NAME)";
				SWIFT_EMIT_LOC_STRINGS = YES;
				SWIFT_VERSION = 5.0;
				TARGETED_DEVICE_FAMILY = "1,2";
			};
			name = Debug;
		};
		81DAE0582B5125E100D75B9D /* Release */ = {
			isa = XCBuildConfiguration;
			buildSettings = {
				ASSETCATALOG_COMPILER_APPICON_NAME = AppIcon;
				ASSETCATALOG_COMPILER_GLOBAL_ACCENT_COLOR_NAME = AccentColor;
				CODE_SIGN_STYLE = Automatic;
				CURRENT_PROJECT_VERSION = 1;
				DEVELOPMENT_TEAM = 4CJW76Y9FL;
				GENERATE_INFOPLIST_FILE = YES;
				INFOPLIST_FILE = "MVVM+R&D/Supporting Files/Info.plist";
				INFOPLIST_KEY_UIApplicationSupportsIndirectInputEvents = YES;
				INFOPLIST_KEY_UILaunchStoryboardName = LaunchScreen;
				INFOPLIST_KEY_UIMainStoryboardFile = Main;
				INFOPLIST_KEY_UISupportedInterfaceOrientations_iPad = "UIInterfaceOrientationPortrait UIInterfaceOrientationPortraitUpsideDown UIInterfaceOrientationLandscapeLeft UIInterfaceOrientationLandscapeRight";
				INFOPLIST_KEY_UISupportedInterfaceOrientations_iPhone = "UIInterfaceOrientationPortrait UIInterfaceOrientationLandscapeLeft UIInterfaceOrientationLandscapeRight";
				LD_RUNPATH_SEARCH_PATHS = (
					"$(inherited)",
					"@executable_path/Frameworks",
				);
				MARKETING_VERSION = 1.0;
				PRODUCT_BUNDLE_IDENTIFIER = "Sahil.Amrut.Agashe.com.MVVM-R-D";
				PRODUCT_NAME = "$(TARGET_NAME)";
				SWIFT_EMIT_LOC_STRINGS = YES;
				SWIFT_VERSION = 5.0;
				TARGETED_DEVICE_FAMILY = "1,2";
			};
			name = Release;
		};
/* End XCBuildConfiguration section */

/* Begin XCConfigurationList section */
		81DAE03D2B5125E000D75B9D /* Build configuration list for PBXProject "MVVM+R&D" */ = {
			isa = XCConfigurationList;
			buildConfigurations = (
				81DAE0542B5125E100D75B9D /* Debug */,
				81DAE0552B5125E100D75B9D /* Release */,
			);
			defaultConfigurationIsVisible = 0;
			defaultConfigurationName = Release;
		};
		81DAE0562B5125E100D75B9D /* Build configuration list for PBXNativeTarget "MVVM+R&D" */ = {
			isa = XCConfigurationList;
			buildConfigurations = (
				81DAE0572B5125E100D75B9D /* Debug */,
				81DAE0582B5125E100D75B9D /* Release */,
			);
			defaultConfigurationIsVisible = 0;
			defaultConfigurationName = Release;
		};
/* End XCConfigurationList section */
	};
	rootObject = 81DAE03A2B5125E000D75B9D /* Project object */;
}
